// !$*UTF8*$!
{
	archiveVersion = 1;
	classes = {
	};
	objectVersion = 56;
	objects = {

/* Begin PBXBuildFile section */
		A107B0292BCE8EA00048912A /* GLTFBoneDirectionExampleApp.swift in Sources */ = {isa = PBXBuildFile; fileRef = A107B0282BCE8EA00048912A /* GLTFBoneDirectionExampleApp.swift */; };
		A107B02B2BCE8EA00048912A /* ContentView.swift in Sources */ = {isa = PBXBuildFile; fileRef = A107B02A2BCE8EA00048912A /* ContentView.swift */; };
		A107B02D2BCE8EA20048912A /* Assets.xcassets in Resources */ = {isa = PBXBuildFile; fileRef = A107B02C2BCE8EA20048912A /* Assets.xcassets */; };
		A107B0302BCE8EA20048912A /* Preview Assets.xcassets in Resources */ = {isa = PBXBuildFile; fileRef = A107B02F2BCE8EA20048912A /* Preview Assets.xcassets */; };
		A107B0382BCE91290048912A /* GLTFKit2.framework in Frameworks */ = {isa = PBXBuildFile; fileRef = A107B0372BCE91290048912A /* GLTFKit2.framework */; };
		A107B0392BCE91290048912A /* GLTFKit2.framework in Embed Frameworks */ = {isa = PBXBuildFile; fileRef = A107B0372BCE91290048912A /* GLTFKit2.framework */; settings = {ATTRIBUTES = (CodeSignOnCopy, RemoveHeadersOnCopy, ); }; };
		A107B03E2BCE92960048912A /* dino_maya.glb in Resources */ = {isa = PBXBuildFile; fileRef = A107B03C2BCE92960048912A /* dino_maya.glb */; };
		A107B03F2BCE92960048912A /* head.glb in Resources */ = {isa = PBXBuildFile; fileRef = A107B03D2BCE92960048912A /* head.glb */; };
		A107B0422BCE9D520048912A /* SampleDracoPlugin.mm in Sources */ = {isa = PBXBuildFile; fileRef = A107B0412BCE9D520048912A /* SampleDracoPlugin.mm */; };
		A1CFB8EF2BCEB54A003F1852 /* DracoSwift in Frameworks */ = {isa = PBXBuildFile; productRef = A1CFB8EE2BCEB54A003F1852 /* DracoSwift */; };
		A1CFB8F12BCEB992003F1852 /* dino_blender.glb in Resources */ = {isa = PBXBuildFile; fileRef = A1CFB8F02BCEB992003F1852 /* dino_blender.glb */; };
/* End PBXBuildFile section */

/* Begin PBXCopyFilesBuildPhase section */
		A107B03A2BCE91290048912A /* Embed Frameworks */ = {
			isa = PBXCopyFilesBuildPhase;
			buildActionMask = 2147483647;
			dstPath = "";
			dstSubfolderSpec = 10;
			files = (
				A107B0392BCE91290048912A /* GLTFKit2.framework in Embed Frameworks */,
			);
			name = "Embed Frameworks";
			runOnlyForDeploymentPostprocessing = 0;
		};
/* End PBXCopyFilesBuildPhase section */

/* Begin PBXFileReference section */
		A107B0252BCE8EA00048912A /* GLTFBoneDirectionExample.app */ = {isa = PBXFileReference; explicitFileType = wrapper.application; includeInIndex = 0; path = GLTFBoneDirectionExample.app; sourceTree = BUILT_PRODUCTS_DIR; };
		A107B0282BCE8EA00048912A /* GLTFBoneDirectionExampleApp.swift */ = {isa = PBXFileReference; lastKnownFileType = sourcecode.swift; path = GLTFBoneDirectionExampleApp.swift; sourceTree = "<group>"; };
		A107B02A2BCE8EA00048912A /* ContentView.swift */ = {isa = PBXFileReference; lastKnownFileType = sourcecode.swift; path = ContentView.swift; sourceTree = "<group>"; };
		A107B02C2BCE8EA20048912A /* Assets.xcassets */ = {isa = PBXFileReference; lastKnownFileType = folder.assetcatalog; path = Assets.xcassets; sourceTree = "<group>"; };
		A107B02F2BCE8EA20048912A /* Preview Assets.xcassets */ = {isa = PBXFileReference; lastKnownFileType = folder.assetcatalog; path = "Preview Assets.xcassets"; sourceTree = "<group>"; };
		A107B0372BCE91290048912A /* GLTFKit2.framework */ = {isa = PBXFileReference; explicitFileType = wrapper.framework; path = GLTFKit2.framework; sourceTree = BUILT_PRODUCTS_DIR; };
		A107B03C2BCE92960048912A /* dino_maya.glb */ = {isa = PBXFileReference; lastKnownFileType = file; path = dino_maya.glb; sourceTree = "<group>"; };
		A107B03D2BCE92960048912A /* head.glb */ = {isa = PBXFileReference; lastKnownFileType = file; path = head.glb; sourceTree = "<group>"; };
		A107B0402BCE9D520048912A /* SampleDracoPlugin.h */ = {isa = PBXFileReference; fileEncoding = 4; lastKnownFileType = sourcecode.c.h; name = SampleDracoPlugin.h; path = ../../GLTFViewer/macOS/SampleDracoPlugin.h; sourceTree = "<group>"; };
		A107B0412BCE9D520048912A /* SampleDracoPlugin.mm */ = {isa = PBXFileReference; fileEncoding = 4; lastKnownFileType = sourcecode.cpp.objcpp; name = SampleDracoPlugin.mm; path = ../../GLTFViewer/macOS/SampleDracoPlugin.mm; sourceTree = "<group>"; };
		A1CFB8F02BCEB992003F1852 /* dino_blender.glb */ = {isa = PBXFileReference; lastKnownFileType = file; path = dino_blender.glb; sourceTree = "<group>"; };
/* End PBXFileReference section */

/* Begin PBXFrameworksBuildPhase section */
		A107B0222BCE8EA00048912A /* Frameworks */ = {
			isa = PBXFrameworksBuildPhase;
			buildActionMask = 2147483647;
			files = (
				A1CFB8EF2BCEB54A003F1852 /* DracoSwift in Frameworks */,
				A107B0382BCE91290048912A /* GLTFKit2.framework in Frameworks */,
			);
			runOnlyForDeploymentPostprocessing = 0;
		};
/* End PBXFrameworksBuildPhase section */

/* Begin PBXGroup section */
		A107B01C2BCE8EA00048912A = {
			isa = PBXGroup;
			children = (
				A107B0272BCE8EA00048912A /* GLTFBoneDirectionExample */,
				A107B0262BCE8EA00048912A /* Products */,
				A107B0362BCE91290048912A /* Frameworks */,
			);
			sourceTree = "<group>";
		};
		A107B0262BCE8EA00048912A /* Products */ = {
			isa = PBXGroup;
			children = (
				A107B0252BCE8EA00048912A /* GLTFBoneDirectionExample.app */,
			);
			name = Products;
			sourceTree = "<group>";
		};
		A107B0272BCE8EA00048912A /* GLTFBoneDirectionExample */ = {
			isa = PBXGroup;
			children = (
				A107B0402BCE9D520048912A /* SampleDracoPlugin.h */,
				A107B0412BCE9D520048912A /* SampleDracoPlugin.mm */,
				A107B03B2BCE927E0048912A /* Resources */,
				A107B0282BCE8EA00048912A /* GLTFBoneDirectionExampleApp.swift */,
				A107B02A2BCE8EA00048912A /* ContentView.swift */,
				A107B02C2BCE8EA20048912A /* Assets.xcassets */,
				A107B02E2BCE8EA20048912A /* Preview Content */,
			);
			path = GLTFBoneDirectionExample;
			sourceTree = "<group>";
		};
		A107B02E2BCE8EA20048912A /* Preview Content */ = {
			isa = PBXGroup;
			children = (
				A107B02F2BCE8EA20048912A /* Preview Assets.xcassets */,
			);
			path = "Preview Content";
			sourceTree = "<group>";
		};
		A107B0362BCE91290048912A /* Frameworks */ = {
			isa = PBXGroup;
			children = (
				A107B0372BCE91290048912A /* GLTFKit2.framework */,
			);
			name = Frameworks;
			sourceTree = "<group>";
		};
		A107B03B2BCE927E0048912A /* Resources */ = {
			isa = PBXGroup;
			children = (
				A1CFB8F02BCEB992003F1852 /* dino_blender.glb */,
				A107B03C2BCE92960048912A /* dino_maya.glb */,
				A107B03D2BCE92960048912A /* head.glb */,
			);
			path = Resources;
			sourceTree = "<group>";
		};
/* End PBXGroup section */

/* Begin PBXNativeTarget section */
		A107B0242BCE8EA00048912A /* GLTFBoneDirectionExample */ = {
			isa = PBXNativeTarget;
			buildConfigurationList = A107B0332BCE8EA20048912A /* Build configuration list for PBXNativeTarget "GLTFBoneDirectionExample" */;
			buildPhases = (
				A107B0212BCE8EA00048912A /* Sources */,
				A107B0222BCE8EA00048912A /* Frameworks */,
				A107B0232BCE8EA00048912A /* Resources */,
				A107B03A2BCE91290048912A /* Embed Frameworks */,
			);
			buildRules = (
			);
			dependencies = (
			);
			name = GLTFBoneDirectionExample;
			packageProductDependencies = (
				A1CFB8EE2BCEB54A003F1852 /* DracoSwift */,
			);
			productName = GLTFBoneDirectionExample;
			productReference = A107B0252BCE8EA00048912A /* GLTFBoneDirectionExample.app */;
			productType = "com.apple.product-type.application";
		};
/* End PBXNativeTarget section */

/* Begin PBXProject section */
		A107B01D2BCE8EA00048912A /* Project object */ = {
			isa = PBXProject;
			attributes = {
				BuildIndependentTargetsInParallel = 1;
				LastSwiftUpdateCheck = 1530;
				LastUpgradeCheck = 1530;
				TargetAttributes = {
					A107B0242BCE8EA00048912A = {
						CreatedOnToolsVersion = 15.3;
						LastSwiftMigration = 1530;
					};
				};
			};
			buildConfigurationList = A107B0202BCE8EA00048912A /* Build configuration list for PBXProject "GLTFBoneDirectionExample" */;
			compatibilityVersion = "Xcode 14.0";
			developmentRegion = en;
			hasScannedForEncodings = 0;
			knownRegions = (
				en,
				Base,
			);
			mainGroup = A107B01C2BCE8EA00048912A;
			packageReferences = (
				A1CFB8ED2BCEB54A003F1852 /* XCRemoteSwiftPackageReference "DracoSwift" */,
			);
			productRefGroup = A107B0262BCE8EA00048912A /* Products */;
			projectDirPath = "";
			projectRoot = "";
			targets = (
				A107B0242BCE8EA00048912A /* GLTFBoneDirectionExample */,
			);
		};
/* End PBXProject section */

/* Begin PBXResourcesBuildPhase section */
		A107B0232BCE8EA00048912A /* Resources */ = {
			isa = PBXResourcesBuildPhase;
			buildActionMask = 2147483647;
			files = (
				A1CFB8F12BCEB992003F1852 /* dino_blender.glb in Resources */,
				A107B0302BCE8EA20048912A /* Preview Assets.xcassets in Resources */,
				A107B03F2BCE92960048912A /* head.glb in Resources */,
				A107B02D2BCE8EA20048912A /* Assets.xcassets in Resources */,
				A107B03E2BCE92960048912A /* dino_maya.glb in Resources */,
			);
			runOnlyForDeploymentPostprocessing = 0;
		};
/* End PBXResourcesBuildPhase section */

/* Begin PBXSourcesBuildPhase section */
		A107B0212BCE8EA00048912A /* Sources */ = {
			isa = PBXSourcesBuildPhase;
			buildActionMask = 2147483647;
			files = (
				A107B02B2BCE8EA00048912A /* ContentView.swift in Sources */,
				A107B0422BCE9D520048912A /* SampleDracoPlugin.mm in Sources */,
				A107B0292BCE8EA00048912A /* GLTFBoneDirectionExampleApp.swift in Sources */,
			);
			runOnlyForDeploymentPostprocessing = 0;
		};
/* End PBXSourcesBuildPhase section */

/* Begin XCBuildConfiguration section */
		A107B0312BCE8EA20048912A /* Debug */ = {
			isa = XCBuildConfiguration;
			buildSettings = {
				ALWAYS_SEARCH_USER_PATHS = NO;
				ASSETCATALOG_COMPILER_GENERATE_SWIFT_ASSET_SYMBOL_EXTENSIONS = YES;
				CLANG_ANALYZER_NONNULL = YES;
				CLANG_ANALYZER_NUMBER_OBJECT_CONVERSION = YES_AGGRESSIVE;
				CLANG_CXX_LANGUAGE_STANDARD = "gnu++20";
				CLANG_ENABLE_MODULES = YES;
				CLANG_ENABLE_OBJC_ARC = YES;
				CLANG_ENABLE_OBJC_WEAK = YES;
				CLANG_WARN_BLOCK_CAPTURE_AUTORELEASING = YES;
				CLANG_WARN_BOOL_CONVERSION = YES;
				CLANG_WARN_COMMA = YES;
				CLANG_WARN_CONSTANT_CONVERSION = YES;
				CLANG_WARN_DEPRECATED_OBJC_IMPLEMENTATIONS = YES;
				CLANG_WARN_DIRECT_OBJC_ISA_USAGE = YES_ERROR;
				CLANG_WARN_DOCUMENTATION_COMMENTS = YES;
				CLANG_WARN_EMPTY_BODY = YES;
				CLANG_WARN_ENUM_CONVERSION = YES;
				CLANG_WARN_INFINITE_RECURSION = YES;
				CLANG_WARN_INT_CONVERSION = YES;
				CLANG_WARN_NON_LITERAL_NULL_CONVERSION = YES;
				CLANG_WARN_OBJC_IMPLICIT_RETAIN_SELF = YES;
				CLANG_WARN_OBJC_LITERAL_CONVERSION = YES;
				CLANG_WARN_OBJC_ROOT_CLASS = YES_ERROR;
				CLANG_WARN_QUOTED_INCLUDE_IN_FRAMEWORK_HEADER = YES;
				CLANG_WARN_RANGE_LOOP_ANALYSIS = YES;
				CLANG_WARN_STRICT_PROTOTYPES = YES;
				CLANG_WARN_SUSPICIOUS_MOVE = YES;
				CLANG_WARN_UNGUARDED_AVAILABILITY = YES_AGGRESSIVE;
				CLANG_WARN_UNREACHABLE_CODE = YES;
				CLANG_WARN__DUPLICATE_METHOD_MATCH = YES;
				COPY_PHASE_STRIP = NO;
				DEBUG_INFORMATION_FORMAT = dwarf;
				ENABLE_STRICT_OBJC_MSGSEND = YES;
				ENABLE_TESTABILITY = YES;
				ENABLE_USER_SCRIPT_SANDBOXING = YES;
				GCC_C_LANGUAGE_STANDARD = gnu17;
				GCC_DYNAMIC_NO_PIC = NO;
				GCC_NO_COMMON_BLOCKS = YES;
				GCC_OPTIMIZATION_LEVEL = 0;
				GCC_PREPROCESSOR_DEFINITIONS = (
					"DEBUG=1",
					"$(inherited)",
				);
				GCC_WARN_64_TO_32_BIT_CONVERSION = YES;
				GCC_WARN_ABOUT_RETURN_TYPE = YES_ERROR;
				GCC_WARN_UNDECLARED_SELECTOR = YES;
				GCC_WARN_UNINITIALIZED_AUTOS = YES_AGGRESSIVE;
				GCC_WARN_UNUSED_FUNCTION = YES;
				GCC_WARN_UNUSED_VARIABLE = YES;
				IPHONEOS_DEPLOYMENT_TARGET = 17.4;
				LOCALIZATION_PREFERS_STRING_CATALOGS = YES;
				MTL_ENABLE_DEBUG_INFO = INCLUDE_SOURCE;
				MTL_FAST_MATH = YES;
				ONLY_ACTIVE_ARCH = YES;
				SDKROOT = iphoneos;
				SWIFT_ACTIVE_COMPILATION_CONDITIONS = "DEBUG $(inherited)";
				SWIFT_OPTIMIZATION_LEVEL = "-Onone";
			};
			name = Debug;
		};
		A107B0322BCE8EA20048912A /* Release */ = {
			isa = XCBuildConfiguration;
			buildSettings = {
				ALWAYS_SEARCH_USER_PATHS = NO;
				ASSETCATALOG_COMPILER_GENERATE_SWIFT_ASSET_SYMBOL_EXTENSIONS = YES;
				CLANG_ANALYZER_NONNULL = YES;
				CLANG_ANALYZER_NUMBER_OBJECT_CONVERSION = YES_AGGRESSIVE;
				CLANG_CXX_LANGUAGE_STANDARD = "gnu++20";
				CLANG_ENABLE_MODULES = YES;
				CLANG_ENABLE_OBJC_ARC = YES;
				CLANG_ENABLE_OBJC_WEAK = YES;
				CLANG_WARN_BLOCK_CAPTURE_AUTORELEASING = YES;
				CLANG_WARN_BOOL_CONVERSION = YES;
				CLANG_WARN_COMMA = YES;
				CLANG_WARN_CONSTANT_CONVERSION = YES;
				CLANG_WARN_DEPRECATED_OBJC_IMPLEMENTATIONS = YES;
				CLANG_WARN_DIRECT_OBJC_ISA_USAGE = YES_ERROR;
				CLANG_WARN_DOCUMENTATION_COMMENTS = YES;
				CLANG_WARN_EMPTY_BODY = YES;
				CLANG_WARN_ENUM_CONVERSION = YES;
				CLANG_WARN_INFINITE_RECURSION = YES;
				CLANG_WARN_INT_CONVERSION = YES;
				CLANG_WARN_NON_LITERAL_NULL_CONVERSION = YES;
				CLANG_WARN_OBJC_IMPLICIT_RETAIN_SELF = YES;
				CLANG_WARN_OBJC_LITERAL_CONVERSION = YES;
				CLANG_WARN_OBJC_ROOT_CLASS = YES_ERROR;
				CLANG_WARN_QUOTED_INCLUDE_IN_FRAMEWORK_HEADER = YES;
				CLANG_WARN_RANGE_LOOP_ANALYSIS = YES;
				CLANG_WARN_STRICT_PROTOTYPES = YES;
				CLANG_WARN_SUSPICIOUS_MOVE = YES;
				CLANG_WARN_UNGUARDED_AVAILABILITY = YES_AGGRESSIVE;
				CLANG_WARN_UNREACHABLE_CODE = YES;
				CLANG_WARN__DUPLICATE_METHOD_MATCH = YES;
				COPY_PHASE_STRIP = NO;
				DEBUG_INFORMATION_FORMAT = "dwarf-with-dsym";
				ENABLE_NS_ASSERTIONS = NO;
				ENABLE_STRICT_OBJC_MSGSEND = YES;
				ENABLE_USER_SCRIPT_SANDBOXING = YES;
				GCC_C_LANGUAGE_STANDARD = gnu17;
				GCC_NO_COMMON_BLOCKS = YES;
				GCC_WARN_64_TO_32_BIT_CONVERSION = YES;
				GCC_WARN_ABOUT_RETURN_TYPE = YES_ERROR;
				GCC_WARN_UNDECLARED_SELECTOR = YES;
				GCC_WARN_UNINITIALIZED_AUTOS = YES_AGGRESSIVE;
				GCC_WARN_UNUSED_FUNCTION = YES;
				GCC_WARN_UNUSED_VARIABLE = YES;
				IPHONEOS_DEPLOYMENT_TARGET = 17.4;
				LOCALIZATION_PREFERS_STRING_CATALOGS = YES;
				MTL_ENABLE_DEBUG_INFO = NO;
				MTL_FAST_MATH = YES;
				SDKROOT = iphoneos;
				SWIFT_COMPILATION_MODE = wholemodule;
				VALIDATE_PRODUCT = YES;
			};
			name = Release;
		};
		A107B0342BCE8EA20048912A /* Debug */ = {
			isa = XCBuildConfiguration;
			buildSettings = {
				ASSETCATALOG_COMPILER_APPICON_NAME = AppIcon;
				ASSETCATALOG_COMPILER_GLOBAL_ACCENT_COLOR_NAME = AccentColor;
				CLANG_ENABLE_MODULES = YES;
				CODE_SIGN_STYLE = Automatic;
				CURRENT_PROJECT_VERSION = 1;
				DEVELOPMENT_ASSET_PATHS = "\"GLTFBoneDirectionExample/Preview Content\"";
				ENABLE_PREVIEWS = YES;
				GENERATE_INFOPLIST_FILE = YES;
				INFOPLIST_KEY_UIApplicationSceneManifest_Generation = YES;
				INFOPLIST_KEY_UIApplicationSupportsIndirectInputEvents = YES;
				INFOPLIST_KEY_UILaunchScreen_Generation = YES;
				INFOPLIST_KEY_UISupportedInterfaceOrientations_iPad = "UIInterfaceOrientationPortrait UIInterfaceOrientationPortraitUpsideDown UIInterfaceOrientationLandscapeLeft UIInterfaceOrientationLandscapeRight";
				INFOPLIST_KEY_UISupportedInterfaceOrientations_iPhone = "UIInterfaceOrientationPortrait UIInterfaceOrientationLandscapeLeft UIInterfaceOrientationLandscapeRight";
				LD_RUNPATH_SEARCH_PATHS = (
					"$(inherited)",
					"@executable_path/Frameworks",
				);
				MARKETING_VERSION = 1.0;
				PRODUCT_BUNDLE_IDENTIFIER = com.example.GLTFBoneDirectionExample;
				PRODUCT_NAME = "$(TARGET_NAME)";
				SWIFT_EMIT_LOC_STRINGS = YES;
				SWIFT_OPTIMIZATION_LEVEL = "-Onone";
				SWIFT_VERSION = 5.0;
				TARGETED_DEVICE_FAMILY = "1,2";
			};
			name = Debug;
		};
		A107B0352BCE8EA20048912A /* Release */ = {
			isa = XCBuildConfiguration;
			buildSettings = {
				ASSETCATALOG_COMPILER_APPICON_NAME = AppIcon;
				ASSETCATALOG_COMPILER_GLOBAL_ACCENT_COLOR_NAME = AccentColor;
				CLANG_ENABLE_MODULES = YES;
				CODE_SIGN_STYLE = Automatic;
				CURRENT_PROJECT_VERSION = 1;
				DEVELOPMENT_ASSET_PATHS = "\"GLTFBoneDirectionExample/Preview Content\"";
				ENABLE_PREVIEWS = YES;
				GENERATE_INFOPLIST_FILE = YES;
				INFOPLIST_KEY_UIApplicationSceneManifest_Generation = YES;
				INFOPLIST_KEY_UIApplicationSupportsIndirectInputEvents = YES;
				INFOPLIST_KEY_UILaunchScreen_Generation = YES;
				INFOPLIST_KEY_UISupportedInterfaceOrientations_iPad = "UIInterfaceOrientationPortrait UIInterfaceOrientationPortraitUpsideDown UIInterfaceOrientationLandscapeLeft UIInterfaceOrientationLandscapeRight";
				INFOPLIST_KEY_UISupportedInterfaceOrientations_iPhone = "UIInterfaceOrientationPortrait UIInterfaceOrientationLandscapeLeft UIInterfaceOrientationLandscapeRight";
				LD_RUNPATH_SEARCH_PATHS = (
					"$(inherited)",
					"@executable_path/Frameworks",
				);
				MARKETING_VERSION = 1.0;
				PRODUCT_BUNDLE_IDENTIFIER = com.example.GLTFBoneDirectionExample;
				PRODUCT_NAME = "$(TARGET_NAME)";
				SWIFT_EMIT_LOC_STRINGS = YES;
				SWIFT_VERSION = 5.0;
				TARGETED_DEVICE_FAMILY = "1,2";
			};
			name = Release;
		};
/* End XCBuildConfiguration section */

/* Begin XCConfigurationList section */
		A107B0202BCE8EA00048912A /* Build configuration list for PBXProject "GLTFBoneDirectionExample" */ = {
			isa = XCConfigurationList;
			buildConfigurations = (
				A107B0312BCE8EA20048912A /* Debug */,
				A107B0322BCE8EA20048912A /* Release */,
			);
			defaultConfigurationIsVisible = 0;
			defaultConfigurationName = Release;
		};
		A107B0332BCE8EA20048912A /* Build configuration list for PBXNativeTarget "GLTFBoneDirectionExample" */ = {
			isa = XCConfigurationList;
			buildConfigurations = (
				A107B0342BCE8EA20048912A /* Debug */,
				A107B0352BCE8EA20048912A /* Release */,
			);
			defaultConfigurationIsVisible = 0;
			defaultConfigurationName = Release;
		};
/* End XCConfigurationList section */

/* Begin XCRemoteSwiftPackageReference section */
		A1CFB8ED2BCEB54A003F1852 /* XCRemoteSwiftPackageReference "DracoSwift" */ = {
			isa = XCRemoteSwiftPackageReference;
			repositoryURL = "https://github.com/warrenm/DracoSwift";
			requirement = {
				kind = upToNextMajorVersion;
				minimumVersion = 1.5.7;
			};
		};
/* End XCRemoteSwiftPackageReference section */

/* Begin XCSwiftPackageProductDependency section */
		A1CFB8EE2BCEB54A003F1852 /* DracoSwift */ = {
			isa = XCSwiftPackageProductDependency;
			package = A1CFB8ED2BCEB54A003F1852 /* XCRemoteSwiftPackageReference "DracoSwift" */;
			productName = DracoSwift;
		};
/* End XCSwiftPackageProductDependency section */
	};
	rootObject = A107B01D2BCE8EA00048912A /* Project object */;
}
